
Microsoft Visual Studio Solution File, Format Version 12.00
# Visual Studio 2012
Project("{8BC9CEB8-8B4A-11D0-8D11-00A0C91BC942}") = "MainProject", "MainProject\MainProject.vcxproj", "{C9961CF8-FEA1-4FD7-B309-7C3121230D3E}"
EndProject
Project("{8BC9CEB8-8B4A-11D0-8D11-00A0C91BC942}") = "TestInter", "..\TestInter\TestInter.vcxproj", "{73B2695C-6B9B-49C8-84EE-0E7C309958CC}"
EndProject
Global
	GlobalSection(SolutionConfigurationPlatforms) = preSolution
		Debug|Win32 = Debug|Win32
		Release|Win32 = Release|Win32
	EndGlobalSection
	GlobalSection(ProjectConfigurationPlatforms) = postSolution
		{C9961CF8-FEA1-4FD7-B309-7C3121230D3E}.Debug|Win32.ActiveCfg = Debug|Win32
		{C9961CF8-FEA1-4FD7-B309-7C3121230D3E}.Debug|Win32.Build.0 = Debug|Win32
		{C9961CF8-FEA1-4FD7-B309-7C3121230D3E}.Release|Win32.ActiveCfg = Release|Win32
		{C9961CF8-FEA1-4FD7-B309-7C3121230D3E}.Release|Win32.Build.0 = Release|Win32
		{73B2695C-6B9B-49C8-84EE-0E7C309958CC}.Debug|Win32.ActiveCfg = Debug|Win32
		{73B2695C-6B9B-49C8-84EE-0E7C309958CC}.Debug|Win32.Build.0 = Debug|Win32
		{73B2695C-6B9B-49C8-84EE-0E7C309958CC}.Release|Win32.ActiveCfg = Release|Win32
		{73B2695C-6B9B-49C8-84EE-0E7C309958CC}.Release|Win32.Build.0 = Release|Win32
	EndGlobalSection
	GlobalSection(SolutionProperties) = preSolution
		HideSolutionNode = FALSE
	EndGlobalSection
EndGlobal
